
Microsoft Visual Studio Solution File, Format Version 12.00
# Visual Studio Version 17
VisualStudioVersion = 17.8.34309.116
MinimumVisualStudioVersion = 10.0.40219.1
Project("{FAE04EC0-301F-11D3-BF4B-00C04F79EFBC}") = "WarLand", "WarLand\WarLand.csproj", "{2443761D-F20E-44F9-8897-D81D9DF4D893}"
EndProject
Global
	GlobalSection(SolutionConfigurationPlatforms) = preSolution
		Debug|Any CPU = Debug|Any CPU
		Release|Any CPU = Release|Any CPU
	EndGlobalSection
	GlobalSection(ProjectConfigurationPlatforms) = postSolution
		{2443761D-F20E-44F9-8897-D81D9DF4D893}.Debug|Any CPU.ActiveCfg = Debug|Any CPU
		{2443761D-F20E-44F9-8897-D81D9DF4D893}.Debug|Any CPU.Build.0 = Debug|Any CPU
		{2443761D-F20E-44F9-8897-D81D9DF4D893}.Release|Any CPU.ActiveCfg = Release|Any CPU
		{2443761D-F20E-44F9-8897-D81D9DF4D893}.Release|Any CPU.Build.0 = Release|Any CPU
	EndGlobalSection
	GlobalSection(SolutionProperties) = preSolution
		HideSolutionNode = FALSE
	EndGlobalSection
	GlobalSection(ExtensibilityGlobals) = postSolution
		SolutionGuid = {73F43521-EA57-43FA-900A-067F22FD4658}
	EndGlobalSection
EndGlobal
